
Microsoft Visual Studio Solution File, Format Version 12.00
# Visual Studio Version 16
VisualStudioVersion = 16.0.30128.74
MinimumVisualStudioVersion = 10.0.40219.1
Project("{9A19103F-16F7-4668-BE54-9A1E7A4F7556}") = "Wisielec", "Wisielec\Wisielec.csproj", "{297FF72D-3948-4FB1-B23E-9267AE9263BB}"
EndProject
Project("{FAE04EC0-301F-11D3-BF4B-00C04F79EFBC}") = "NUnitTestProject2", "NUnitTestProject2\NUnitTestProject2.csproj", "{BC4CAAC7-83B3-4452-85A6-8C7388E3D895}"
EndProject
Global
	GlobalSection(SolutionConfigurationPlatforms) = preSolution
		Debug|Any CPU = Debug|Any CPU
		Release|Any CPU = Release|Any CPU
	EndGlobalSection
	GlobalSection(ProjectConfigurationPlatforms) = postSolution
		{297FF72D-3948-4FB1-B23E-9267AE9263BB}.Debug|Any CPU.ActiveCfg = Debug|Any CPU
		{297FF72D-3948-4FB1-B23E-9267AE9263BB}.Debug|Any CPU.Build.0 = Debug|Any CPU
		{297FF72D-3948-4FB1-B23E-9267AE9263BB}.Release|Any CPU.ActiveCfg = Release|Any CPU
		{297FF72D-3948-4FB1-B23E-9267AE9263BB}.Release|Any CPU.Build.0 = Release|Any CPU
		{BC4CAAC7-83B3-4452-85A6-8C7388E3D895}.Debug|Any CPU.ActiveCfg = Debug|Any CPU
		{BC4CAAC7-83B3-4452-85A6-8C7388E3D895}.Debug|Any CPU.Build.0 = Debug|Any CPU
		{BC4CAAC7-83B3-4452-85A6-8C7388E3D895}.Release|Any CPU.ActiveCfg = Release|Any CPU
		{BC4CAAC7-83B3-4452-85A6-8C7388E3D895}.Release|Any CPU.Build.0 = Release|Any CPU
	EndGlobalSection
	GlobalSection(SolutionProperties) = preSolution
		HideSolutionNode = FALSE
	EndGlobalSection
	GlobalSection(ExtensibilityGlobals) = postSolution
		SolutionGuid = {E47AA199-1DFD-48D8-B6A1-BB928FF596A0}
	EndGlobalSection
EndGlobal
